
Microsoft Visual Studio Solution File, Format Version 12.00
# Visual Studio Version 16
VisualStudioVersion = 16.0.30907.101
MinimumVisualStudioVersion = 10.0.40219.1
Project("{FAE04EC0-301F-11D3-BF4B-00C04F79EFBC}") = "47-AT YARIŞI", "47-AT YARIŞI\47-AT YARIŞI.csproj", "{0CF315DE-5E98-4F39-AD74-15D27A2021E1}"
EndProject
Global
	GlobalSection(SolutionConfigurationPlatforms) = preSolution
		Debug|Any CPU = Debug|Any CPU
		Release|Any CPU = Release|Any CPU
	EndGlobalSection
	GlobalSection(ProjectConfigurationPlatforms) = postSolution
		{0CF315DE-5E98-4F39-AD74-15D27A2021E1}.Debug|Any CPU.ActiveCfg = Debug|Any CPU
		{0CF315DE-5E98-4F39-AD74-15D27A2021E1}.Debug|Any CPU.Build.0 = Debug|Any CPU
		{0CF315DE-5E98-4F39-AD74-15D27A2021E1}.Release|Any CPU.ActiveCfg = Release|Any CPU
		{0CF315DE-5E98-4F39-AD74-15D27A2021E1}.Release|Any CPU.Build.0 = Release|Any CPU
	EndGlobalSection
	GlobalSection(SolutionProperties) = preSolution
		HideSolutionNode = FALSE
	EndGlobalSection
	GlobalSection(ExtensibilityGlobals) = postSolution
		SolutionGuid = {26CE91D8-030C-469F-9756-28D306B3100D}
	EndGlobalSection
EndGlobal
